
Microsoft Visual Studio Solution File, Format Version 12.00
# Visual Studio Version 17
VisualStudioVersion = 17.5.002.0
MinimumVisualStudioVersion = 10.0.40219.1
Project("{9A19103F-16F7-4668-BE54-9A1E7A4F7556}") = "BeeieOptimizer", "BeeieOptimizer/BeeieOptimizer.csproj", "{77382098-A5F2-4845-A23C-8461A7AACA39}"
EndProject
Project("{9A19103F-16F7-4668-BE54-9A1E7A4F7556}") = "SM64Lib.N64Graphics", "SM64Lib.N64Graphics/SM64Lib.N64Graphics.csproj", "{D9258483-950C-46D1-A333-31F32492CD7E}"
EndProject
Project("{9A19103F-16F7-4668-BE54-9A1E7A4F7556}") = "SM64Lib", "SM64Lib/SM64Lib.csproj", "{E29A037E-451D-05D8-12D2-FC9F72BD60AC}"
EndProject
Project("{9A19103F-16F7-4668-BE54-9A1E7A4F7556}") = "SM64Lib.TextValueConverter", "SM64Lib.TextValueConverter/SM64Lib.TextValueConverter.csproj", "{E11312A8-5E8D-073F-0086-11D677519581}"
EndProject
Project("{9A19103F-16F7-4668-BE54-9A1E7A4F7556}") = "SM64Lib.LIBMIO0", "SM64Lib.LIBMIO0/SM64Lib.LIBMIO0.csproj", "{E4CEC3B1-5778-4D63-8C97-C95153CDC052}"
EndProject
Global
	GlobalSection(SolutionConfigurationPlatforms) = preSolution
		Debug|Any CPU = Debug|Any CPU
		Release|Any CPU = Release|Any CPU
	EndGlobalSection
	GlobalSection(ProjectConfigurationPlatforms) = postSolution
		{77382098-A5F2-4845-A23C-8461A7AACA39}.Debug|Any CPU.ActiveCfg = Debug|Any CPU
		{77382098-A5F2-4845-A23C-8461A7AACA39}.Debug|Any CPU.Build.0 = Debug|Any CPU
		{77382098-A5F2-4845-A23C-8461A7AACA39}.Release|Any CPU.ActiveCfg = Release|Any CPU
		{77382098-A5F2-4845-A23C-8461A7AACA39}.Release|Any CPU.Build.0 = Release|Any CPU
	EndGlobalSection
	GlobalSection(SolutionProperties) = preSolution
		HideSolutionNode = FALSE
	EndGlobalSection
	GlobalSection(ExtensibilityGlobals) = postSolution
		SolutionGuid = {EE631A22-91A0-4E19-9CD1-DCE583E435C3}
	EndGlobalSection
EndGlobal
